
Microsoft Visual Studio Solution File, Format Version 12.00
# Visual Studio Version 16
VisualStudioVersion = 16.0.30114.105
MinimumVisualStudioVersion = 10.0.40219.1
Project("{2150E333-8FDC-42A3-9474-1A3956D46DE8}") = "src", "src", "{A04AEA4F-3410-4AAD-B50D-1743CC0D6632}"
EndProject
Project("{FAE04EC0-301F-11D3-BF4B-00C04F79EFBC}") = "QueueTester", "src\QueueTester\QueueTester.csproj", "{F280D0D1-4E3D-4FB7-B216-74497CB471DA}"
EndProject
Project("{FAE04EC0-301F-11D3-BF4B-00C04F79EFBC}") = "PoC", "src\PoC\PoC.csproj", "{BF69E10A-4449-4CD4-AD14-8A120E129501}"
EndProject
Global
	GlobalSection(SolutionConfigurationPlatforms) = preSolution
		Debug|Any CPU = Debug|Any CPU
		Release|Any CPU = Release|Any CPU
	EndGlobalSection
	GlobalSection(SolutionProperties) = preSolution
		HideSolutionNode = FALSE
	EndGlobalSection
	GlobalSection(ProjectConfigurationPlatforms) = postSolution
		{F280D0D1-4E3D-4FB7-B216-74497CB471DA}.Debug|Any CPU.ActiveCfg = Debug|Any CPU
		{F280D0D1-4E3D-4FB7-B216-74497CB471DA}.Debug|Any CPU.Build.0 = Debug|Any CPU
		{F280D0D1-4E3D-4FB7-B216-74497CB471DA}.Release|Any CPU.ActiveCfg = Release|Any CPU
		{F280D0D1-4E3D-4FB7-B216-74497CB471DA}.Release|Any CPU.Build.0 = Release|Any CPU
		{BF69E10A-4449-4CD4-AD14-8A120E129501}.Debug|Any CPU.ActiveCfg = Debug|Any CPU
		{BF69E10A-4449-4CD4-AD14-8A120E129501}.Debug|Any CPU.Build.0 = Debug|Any CPU
		{BF69E10A-4449-4CD4-AD14-8A120E129501}.Release|Any CPU.ActiveCfg = Release|Any CPU
		{BF69E10A-4449-4CD4-AD14-8A120E129501}.Release|Any CPU.Build.0 = Release|Any CPU
	EndGlobalSection
	GlobalSection(NestedProjects) = preSolution
		{F280D0D1-4E3D-4FB7-B216-74497CB471DA} = {A04AEA4F-3410-4AAD-B50D-1743CC0D6632}
		{BF69E10A-4449-4CD4-AD14-8A120E129501} = {A04AEA4F-3410-4AAD-B50D-1743CC0D6632}
	EndGlobalSection
EndGlobal
